
Microsoft Visual Studio Solution File, Format Version 12.00
# Visual Studio Version 16
VisualStudioVersion = 16.0.33801.447
MinimumVisualStudioVersion = 10.0.40219.1
Project("{FAE04EC0-301F-11D3-BF4B-00C04F79EFBC}") = "Database", "Database\Database.csproj", "{1A0DB779-7783-412A-B9BA-BC0E17937FF7}"
EndProject
Global
	GlobalSection(SolutionConfigurationPlatforms) = preSolution
		Debug|Any CPU = Debug|Any CPU
		Release|Any CPU = Release|Any CPU
	EndGlobalSection
	GlobalSection(ProjectConfigurationPlatforms) = postSolution
		{1A0DB779-7783-412A-B9BA-BC0E17937FF7}.Debug|Any CPU.ActiveCfg = Debug|Any CPU
		{1A0DB779-7783-412A-B9BA-BC0E17937FF7}.Debug|Any CPU.Build.0 = Debug|Any CPU
		{1A0DB779-7783-412A-B9BA-BC0E17937FF7}.Release|Any CPU.ActiveCfg = Release|Any CPU
		{1A0DB779-7783-412A-B9BA-BC0E17937FF7}.Release|Any CPU.Build.0 = Release|Any CPU
	EndGlobalSection
	GlobalSection(SolutionProperties) = preSolution
		HideSolutionNode = FALSE
	EndGlobalSection
	GlobalSection(ExtensibilityGlobals) = postSolution
		SolutionGuid = {AC5E1497-0460-4388-BA4F-C7897836D9A6}
	EndGlobalSection
EndGlobal
